
Microsoft Visual Studio Solution File, Format Version 12.00
# Visual Studio Version 17
VisualStudioVersion = 17.0.32002.185
MinimumVisualStudioVersion = 10.0.40219.1
Project("{FAE04EC0-301F-11D3-BF4B-00C04F79EFBC}") = "StudentManagement", "StudentManagement.csproj", "{099FB48A-AFA0-4372-A412-1F49D245A552}"
EndProject
Global
	GlobalSection(SolutionConfigurationPlatforms) = preSolution
		Debug|Any CPU = Debug|Any CPU
		Release|Any CPU = Release|Any CPU
	EndGlobalSection
	GlobalSection(ProjectConfigurationPlatforms) = postSolution
		{099FB48A-AFA0-4372-A412-1F49D245A552}.Debug|Any CPU.ActiveCfg = Debug|Any CPU
		{099FB48A-AFA0-4372-A412-1F49D245A552}.Debug|Any CPU.Build.0 = Debug|Any CPU
		{099FB48A-AFA0-4372-A412-1F49D245A552}.Release|Any CPU.ActiveCfg = Release|Any CPU
		{099FB48A-AFA0-4372-A412-1F49D245A552}.Release|Any CPU.Build.0 = Release|Any CPU
	EndGlobalSection
	GlobalSection(SolutionProperties) = preSolution
		HideSolutionNode = FALSE
	EndGlobalSection
	GlobalSection(ExtensibilityGlobals) = postSolution
		SolutionGuid = {C97164C2-9CAF-4239-9A9B-007098079ABE}
	EndGlobalSection
EndGlobal
